
Microsoft Visual Studio Solution File, Format Version 12.00
Project("{FAE04EC0-301F-11D3-BF4B-00C04F79EFBC}") = "dnSpy.Extension.Wasm", "dnSpy.Extension.Wasm\dnSpy.Extension.Wasm.csproj", "{1F3C0695-2847-47D3-93AB-CC1F87310FFC}"
EndProject
Project("{2150E333-8FDC-42A3-9474-1A3956D46DE8}") = "dnSpy", "dnSpy", "{A65A456D-16B2-4799-AB1E-0D5C88C7F6AA}"
EndProject
Project("{FAE04EC0-301F-11D3-BF4B-00C04F79EFBC}") = "dnSpy.Contracts.Logic", "dnSpy\dnSpy\dnSpy.Contracts.Logic\dnSpy.Contracts.Logic.csproj", "{A2D26C1D-FDE2-41C4-8F32-15E2594A92DF}"
EndProject
Project("{FAE04EC0-301F-11D3-BF4B-00C04F79EFBC}") = "dnSpy.Contracts.DnSpy", "dnSpy\dnSpy\dnSpy.Contracts.DnSpy\dnSpy.Contracts.DnSpy.csproj", "{08961687-8347-4AD0-ABF9-9144EBCB7A5A}"
EndProject
Project("{2150E333-8FDC-42A3-9474-1A3956D46DE8}") = "Echo", "Echo", "{F4860144-8CEE-41C3-9ED7-8A09C4896F7F}"
EndProject
Project("{FAE04EC0-301F-11D3-BF4B-00C04F79EFBC}") = "Echo.Core", "Echo\src\Core\Echo.Core\Echo.Core.csproj", "{BD0E9FF9-5BD3-402D-87A7-CC2A994B48CF}"
EndProject
Project("{FAE04EC0-301F-11D3-BF4B-00C04F79EFBC}") = "Decompiler.Core", "Decompiler.Core\Decompiler.Core.csproj", "{3C5FB6D9-907D-483E-8F17-352F7DA7D4E9}"
EndProject
Project("{FAE04EC0-301F-11D3-BF4B-00C04F79EFBC}") = "Echo.DataFlow", "Echo\src\Core\Echo.DataFlow\Echo.DataFlow.csproj", "{DECAA3D0-50A2-4ADC-A95B-1DD7AF4E704E}"
EndProject
Project("{FAE04EC0-301F-11D3-BF4B-00C04F79EFBC}") = "Echo.ControlFlow", "Echo\src\Core\Echo.ControlFlow\Echo.ControlFlow.csproj", "{6F982FE0-026D-4EAA-AEE0-C9B326C93022}"
EndProject
Project("{FAE04EC0-301F-11D3-BF4B-00C04F79EFBC}") = "Decompiler.Core.Tests", "Decompiler.Core.Tests\Decompiler.Core.Tests.csproj", "{38B15199-4752-4B0A-A922-ED7A434CC803}"
EndProject
Project("{FAE04EC0-301F-11D3-BF4B-00C04F79EFBC}") = "dnSpy.Extension.Wasm.Tests", "dnSpy.Extension.Wasm.Tests\dnSpy.Extension.Wasm.Tests.csproj", "{EE9CB41B-07FB-40E0-9ADD-532B07A0DAD1}"
EndProject
Global
	GlobalSection(SolutionConfigurationPlatforms) = preSolution
		Debug|Any CPU = Debug|Any CPU
		Release|Any CPU = Release|Any CPU
	EndGlobalSection
	GlobalSection(ProjectConfigurationPlatforms) = postSolution
		{1F3C0695-2847-47D3-93AB-CC1F87310FFC}.Debug|Any CPU.ActiveCfg = Debug|Any CPU
		{1F3C0695-2847-47D3-93AB-CC1F87310FFC}.Debug|Any CPU.Build.0 = Debug|Any CPU
		{1F3C0695-2847-47D3-93AB-CC1F87310FFC}.Release|Any CPU.ActiveCfg = Release|Any CPU
		{1F3C0695-2847-47D3-93AB-CC1F87310FFC}.Release|Any CPU.Build.0 = Release|Any CPU
		{A2D26C1D-FDE2-41C4-8F32-15E2594A92DF}.Debug|Any CPU.ActiveCfg = Debug|Any CPU
		{A2D26C1D-FDE2-41C4-8F32-15E2594A92DF}.Debug|Any CPU.Build.0 = Debug|Any CPU
		{A2D26C1D-FDE2-41C4-8F32-15E2594A92DF}.Release|Any CPU.ActiveCfg = Release|Any CPU
		{A2D26C1D-FDE2-41C4-8F32-15E2594A92DF}.Release|Any CPU.Build.0 = Release|Any CPU
		{08961687-8347-4AD0-ABF9-9144EBCB7A5A}.Debug|Any CPU.ActiveCfg = Debug|Any CPU
		{08961687-8347-4AD0-ABF9-9144EBCB7A5A}.Debug|Any CPU.Build.0 = Debug|Any CPU
		{08961687-8347-4AD0-ABF9-9144EBCB7A5A}.Release|Any CPU.ActiveCfg = Release|Any CPU
		{08961687-8347-4AD0-ABF9-9144EBCB7A5A}.Release|Any CPU.Build.0 = Release|Any CPU
		{BD0E9FF9-5BD3-402D-87A7-CC2A994B48CF}.Debug|Any CPU.ActiveCfg = Debug|Any CPU
		{BD0E9FF9-5BD3-402D-87A7-CC2A994B48CF}.Debug|Any CPU.Build.0 = Debug|Any CPU
		{BD0E9FF9-5BD3-402D-87A7-CC2A994B48CF}.Release|Any CPU.ActiveCfg = Release|Any CPU
		{BD0E9FF9-5BD3-402D-87A7-CC2A994B48CF}.Release|Any CPU.Build.0 = Release|Any CPU
		{3C5FB6D9-907D-483E-8F17-352F7DA7D4E9}.Debug|Any CPU.ActiveCfg = Debug|Any CPU
		{3C5FB6D9-907D-483E-8F17-352F7DA7D4E9}.Debug|Any CPU.Build.0 = Debug|Any CPU
		{3C5FB6D9-907D-483E-8F17-352F7DA7D4E9}.Release|Any CPU.ActiveCfg = Release|Any CPU
		{3C5FB6D9-907D-483E-8F17-352F7DA7D4E9}.Release|Any CPU.Build.0 = Release|Any CPU
		{DECAA3D0-50A2-4ADC-A95B-1DD7AF4E704E}.Debug|Any CPU.ActiveCfg = Debug|Any CPU
		{DECAA3D0-50A2-4ADC-A95B-1DD7AF4E704E}.Debug|Any CPU.Build.0 = Debug|Any CPU
		{DECAA3D0-50A2-4ADC-A95B-1DD7AF4E704E}.Release|Any CPU.ActiveCfg = Release|Any CPU
		{DECAA3D0-50A2-4ADC-A95B-1DD7AF4E704E}.Release|Any CPU.Build.0 = Release|Any CPU
		{6F982FE0-026D-4EAA-AEE0-C9B326C93022}.Debug|Any CPU.ActiveCfg = Debug|Any CPU
		{6F982FE0-026D-4EAA-AEE0-C9B326C93022}.Debug|Any CPU.Build.0 = Debug|Any CPU
		{6F982FE0-026D-4EAA-AEE0-C9B326C93022}.Release|Any CPU.ActiveCfg = Release|Any CPU
		{6F982FE0-026D-4EAA-AEE0-C9B326C93022}.Release|Any CPU.Build.0 = Release|Any CPU
		{38B15199-4752-4B0A-A922-ED7A434CC803}.Debug|Any CPU.ActiveCfg = Debug|Any CPU
		{38B15199-4752-4B0A-A922-ED7A434CC803}.Debug|Any CPU.Build.0 = Debug|Any CPU
		{38B15199-4752-4B0A-A922-ED7A434CC803}.Release|Any CPU.ActiveCfg = Release|Any CPU
		{38B15199-4752-4B0A-A922-ED7A434CC803}.Release|Any CPU.Build.0 = Release|Any CPU
		{EE9CB41B-07FB-40E0-9ADD-532B07A0DAD1}.Debug|Any CPU.ActiveCfg = Debug|Any CPU
		{EE9CB41B-07FB-40E0-9ADD-532B07A0DAD1}.Debug|Any CPU.Build.0 = Debug|Any CPU
		{EE9CB41B-07FB-40E0-9ADD-532B07A0DAD1}.Release|Any CPU.ActiveCfg = Release|Any CPU
		{EE9CB41B-07FB-40E0-9ADD-532B07A0DAD1}.Release|Any CPU.Build.0 = Release|Any CPU
	EndGlobalSection
	GlobalSection(NestedProjects) = preSolution
		{A2D26C1D-FDE2-41C4-8F32-15E2594A92DF} = {A65A456D-16B2-4799-AB1E-0D5C88C7F6AA}
		{08961687-8347-4AD0-ABF9-9144EBCB7A5A} = {A65A456D-16B2-4799-AB1E-0D5C88C7F6AA}
		{BD0E9FF9-5BD3-402D-87A7-CC2A994B48CF} = {F4860144-8CEE-41C3-9ED7-8A09C4896F7F}
		{DECAA3D0-50A2-4ADC-A95B-1DD7AF4E704E} = {F4860144-8CEE-41C3-9ED7-8A09C4896F7F}
		{6F982FE0-026D-4EAA-AEE0-C9B326C93022} = {F4860144-8CEE-41C3-9ED7-8A09C4896F7F}
	EndGlobalSection
EndGlobal
