
Microsoft Visual Studio Solution File, Format Version 12.00
Project("{FAE04EC0-301F-11D3-BF4B-00C04F79EFBC}") = "dnSpy.Extension.Wasm", "dnSpy.Extension.Wasm\dnSpy.Extension.Wasm.csproj", "{1F3C0695-2847-47D3-93AB-CC1F87310FFC}"
EndProject
Global
	GlobalSection(SolutionConfigurationPlatforms) = preSolution
		Debug|Any CPU = Debug|Any CPU
		Release|Any CPU = Release|Any CPU
	EndGlobalSection
	GlobalSection(ProjectConfigurationPlatforms) = postSolution
		{1F3C0695-2847-47D3-93AB-CC1F87310FFC}.Debug|Any CPU.ActiveCfg = Debug|Any CPU
		{1F3C0695-2847-47D3-93AB-CC1F87310FFC}.Debug|Any CPU.Build.0 = Debug|Any CPU
		{1F3C0695-2847-47D3-93AB-CC1F87310FFC}.Release|Any CPU.ActiveCfg = Release|Any CPU
		{1F3C0695-2847-47D3-93AB-CC1F87310FFC}.Release|Any CPU.Build.0 = Release|Any CPU
	EndGlobalSection
EndGlobal
